
Microsoft Visual Studio Solution File, Format Version 12.00
# Visual Studio Version 17
VisualStudioVersion = 17.8.34322.80
MinimumVisualStudioVersion = 10.0.40219.1
Project("{FAE04EC0-301F-11D3-BF4B-00C04F79EFBC}") = "DemoCRUD", "DemoCRUD\DemoCRUD.csproj", "{8C8D0DCC-A89E-4FC0-9CB0-33181D589F95}"
EndProject
Global
	GlobalSection(SolutionConfigurationPlatforms) = preSolution
		Debug|Any CPU = Debug|Any CPU
		Release|Any CPU = Release|Any CPU
	EndGlobalSection
	GlobalSection(ProjectConfigurationPlatforms) = postSolution
		{8C8D0DCC-A89E-4FC0-9CB0-33181D589F95}.Debug|Any CPU.ActiveCfg = Debug|Any CPU
		{8C8D0DCC-A89E-4FC0-9CB0-33181D589F95}.Debug|Any CPU.Build.0 = Debug|Any CPU
		{8C8D0DCC-A89E-4FC0-9CB0-33181D589F95}.Release|Any CPU.ActiveCfg = Release|Any CPU
		{8C8D0DCC-A89E-4FC0-9CB0-33181D589F95}.Release|Any CPU.Build.0 = Release|Any CPU
	EndGlobalSection
	GlobalSection(SolutionProperties) = preSolution
		HideSolutionNode = FALSE
	EndGlobalSection
	GlobalSection(ExtensibilityGlobals) = postSolution
		SolutionGuid = {CD1B1021-3270-4FF0-B663-4074F44BD130}
	EndGlobalSection
EndGlobal
